
Microsoft Visual Studio Solution File, Format Version 12.00
# Visual Studio Version 16
VisualStudioVersion = 16.0.31321.278
MinimumVisualStudioVersion = 10.0.40219.1
Project("{8BC9CEB8-8B4A-11D0-8D11-00A0C91BC942}") = "mouse", "mouse.vcxproj", "{056BBBB8-A682-4655-896E-3857C1B6667D}"
EndProject
Global
	GlobalSection(SolutionConfigurationPlatforms) = preSolution
		Debug|x64 = Debug|x64
		Debug|x86 = Debug|x86
		Release|x64 = Release|x64
		Release|x86 = Release|x86
	EndGlobalSection
	GlobalSection(ProjectConfigurationPlatforms) = postSolution
		{056BBBB8-A682-4655-896E-3857C1B6667D}.Debug|x64.ActiveCfg = Debug|x64
		{056BBBB8-A682-4655-896E-3857C1B6667D}.Debug|x64.Build.0 = Debug|x64
		{056BBBB8-A682-4655-896E-3857C1B6667D}.Debug|x86.ActiveCfg = Debug|Win32
		{056BBBB8-A682-4655-896E-3857C1B6667D}.Debug|x86.Build.0 = Debug|Win32
		{056BBBB8-A682-4655-896E-3857C1B6667D}.Release|x64.ActiveCfg = Release|x64
		{056BBBB8-A682-4655-896E-3857C1B6667D}.Release|x64.Build.0 = Release|x64
		{056BBBB8-A682-4655-896E-3857C1B6667D}.Release|x86.ActiveCfg = Release|Win32
		{056BBBB8-A682-4655-896E-3857C1B6667D}.Release|x86.Build.0 = Release|Win32
	EndGlobalSection
	GlobalSection(SolutionProperties) = preSolution
		HideSolutionNode = FALSE
	EndGlobalSection
	GlobalSection(ExtensibilityGlobals) = postSolution
		SolutionGuid = {E714A075-7C0A-42C2-B1D5-A5886304FB7E}
	EndGlobalSection
EndGlobal
